// !$*UTF8*$!
{
	archiveVersion = 1;
	classes = {
	};
	objectVersion = 46;
	objects = {

/* Begin PBXBuildFile section */
		1D3623260D0F684500981E51 /* NavAppDelegate.m in Sources */ = {isa = PBXBuildFile; fileRef = 1D3623250D0F684500981E51 /* NavAppDelegate.m */; };
		1D60589B0D05DD56006BFB54 /* main.m in Sources */ = {isa = PBXBuildFile; fileRef = 29B97316FDCFA39411CA2CEA /* main.m */; };
		1D60589F0D05DD5A006BFB54 /* Foundation.framework in Frameworks */ = {isa = PBXBuildFile; fileRef = 1D30AB110D05D00D00671497 /* Foundation.framework */; };
		1DF5F4E00D08C38300B7A737 /* UIKit.framework in Frameworks */ = {isa = PBXBuildFile; fileRef = 1DF5F4DF0D08C38300B7A737 /* UIKit.framework */; };
		1F8B5FE30F9F697E00FEB745 /* SecondLevelViewController.m in Resources */ = {isa = PBXBuildFile; fileRef = 1F8B5FE20F9F697E00FEB745 /* SecondLevelViewController.m */; };
		1F8B5FFF0F9F6CC200FEB745 /* FirstLevelViewController.m in Sources */ = {isa = PBXBuildFile; fileRef = 1F8B5FFE0F9F6CC200FEB745 /* FirstLevelViewController.m */; };
		1F8B60410F9F75E700FEB745 /* DisclosureDetail.xib in Resources */ = {isa = PBXBuildFile; fileRef = 1F8B60400F9F75E700FEB745 /* DisclosureDetail.xib */; };
		1F8B607B0F9F7E5400FEB745 /* SecondLevelViewController.m in Sources */ = {isa = PBXBuildFile; fileRef = 1F8B5FE20F9F697E00FEB745 /* SecondLevelViewController.m */; };
		288765FD0DF74451002DB57D /* CoreGraphics.framework in Frameworks */ = {isa = PBXBuildFile; fileRef = 288765FC0DF74451002DB57D /* CoreGraphics.framework */; };
		28AD733F0D9D9553002E5188 /* MainWindow.xib in Resources */ = {isa = PBXBuildFile; fileRef = 28AD733E0D9D9553002E5188 /* MainWindow.xib */; };
		8459B39F10BE12C300893F5B /* Image.png in Resources */ = {isa = PBXBuildFile; fileRef = 8459B39D10BE12C300893F5B /* Image.png */; };
		8459B3A010BE12C300893F5B /* ImageView.xib in Resources */ = {isa = PBXBuildFile; fileRef = 8459B39E10BE12C300893F5B /* ImageView.xib */; };
		8459B3A310BE12CF00893F5B /* ImageViewController.m in Sources */ = {isa = PBXBuildFile; fileRef = 8459B3A210BE12CF00893F5B /* ImageViewController.m */; };
		84843DCF11534A82005A99C7 /* DisclosureButtonController01.m in Sources */ = {isa = PBXBuildFile; fileRef = 84843DBC11534A82005A99C7 /* DisclosureButtonController01.m */; };
		84843DD011534A82005A99C7 /* DisclosureButtonController02.m in Sources */ = {isa = PBXBuildFile; fileRef = 84843DBE11534A82005A99C7 /* DisclosureButtonController02.m */; };
		84843DD111534A82005A99C7 /* DisclosureButtonController03.m in Sources */ = {isa = PBXBuildFile; fileRef = 84843DC011534A82005A99C7 /* DisclosureButtonController03.m */; };
		84843DD211534A82005A99C7 /* DisclosureButtonController04.m in Sources */ = {isa = PBXBuildFile; fileRef = 84843DC211534A82005A99C7 /* DisclosureButtonController04.m */; };
		84843DD311534A82005A99C7 /* DisclosureButtonController05.m in Sources */ = {isa = PBXBuildFile; fileRef = 84843DC411534A82005A99C7 /* DisclosureButtonController05.m */; };
		84843DD411534A82005A99C7 /* DisclosureButtonController06.m in Sources */ = {isa = PBXBuildFile; fileRef = 84843DC611534A82005A99C7 /* DisclosureButtonController06.m */; };
		84843DD511534A82005A99C7 /* DisclosureButtonController07.m in Sources */ = {isa = PBXBuildFile; fileRef = 84843DC811534A82005A99C7 /* DisclosureButtonController07.m */; };
		84843DD611534A82005A99C7 /* DisclosureButtonController08.m in Sources */ = {isa = PBXBuildFile; fileRef = 84843DCA11534A82005A99C7 /* DisclosureButtonController08.m */; };
		84843DD711534A82005A99C7 /* DisclosureButtonController09.m in Sources */ = {isa = PBXBuildFile; fileRef = 84843DCC11534A82005A99C7 /* DisclosureButtonController09.m */; };
		84843DD811534A82005A99C7 /* DisclosureButtonController10.m in Sources */ = {isa = PBXBuildFile; fileRef = 84843DCE11534A82005A99C7 /* DisclosureButtonController10.m */; };
		849AACB910B8CB6200BD5FE5 /* icon.png in Resources */ = {isa = PBXBuildFile; fileRef = 849AACB810B8CB6200BD5FE5 /* icon.png */; };
		84CE878910CB6D5A008985FC /* Default.png in Resources */ = {isa = PBXBuildFile; fileRef = 84CE878810CB6D5A008985FC /* Default.png */; };
		84DDFC37133EE67B00F9C9CA /* icon57.png in Resources */ = {isa = PBXBuildFile; fileRef = 84DDFC33133EE67B00F9C9CA /* icon57.png */; };
		84DDFC38133EE67B00F9C9CA /* icon72.png in Resources */ = {isa = PBXBuildFile; fileRef = 84DDFC34133EE67B00F9C9CA /* icon72.png */; };
		84DDFC39133EE67B00F9C9CA /* icon114.png in Resources */ = {isa = PBXBuildFile; fileRef = 84DDFC35133EE67B00F9C9CA /* icon114.png */; };
		84DDFC3A133EE67B00F9C9CA /* icon512.png in Resources */ = {isa = PBXBuildFile; fileRef = 84DDFC36133EE67B00F9C9CA /* icon512.png */; };
		84F574CF10BA2732004C1C1D /* iTunesArtwork in Resources */ = {isa = PBXBuildFile; fileRef = 84F574CE10BA2732004C1C1D /* iTunesArtwork */; };
		84F9474111ED61D30015F435 /* DisclosureButtonController11.m in Sources */ = {isa = PBXBuildFile; fileRef = 84F9474011ED61D30015F435 /* DisclosureButtonController11.m */; };
		84FA867712F1091600003863 /* DisclosureButtonController12.m in Sources */ = {isa = PBXBuildFile; fileRef = 84FA867612F1091600003863 /* DisclosureButtonController12.m */; };
		84FAE63110BDDB4A00E3A47F /* DisclosureDetailController.m in Sources */ = {isa = PBXBuildFile; fileRef = 84FAE63010BDDB4A00E3A47F /* DisclosureDetailController.m */; };
/* End PBXBuildFile section */

/* Begin PBXFileReference section */
		1D30AB110D05D00D00671497 /* Foundation.framework */ = {isa = PBXFileReference; lastKnownFileType = wrapper.framework; name = Foundation.framework; path = System/Library/Frameworks/Foundation.framework; sourceTree = SDKROOT; };
		1D3623240D0F684500981E51 /* NavAppDelegate.h */ = {isa = PBXFileReference; fileEncoding = 4; lastKnownFileType = sourcecode.c.h; path = NavAppDelegate.h; sourceTree = "<group>"; };
		1D3623250D0F684500981E51 /* NavAppDelegate.m */ = {isa = PBXFileReference; fileEncoding = 4; lastKnownFileType = sourcecode.c.objc; path = NavAppDelegate.m; sourceTree = "<group>"; };
		1DF5F4DF0D08C38300B7A737 /* UIKit.framework */ = {isa = PBXFileReference; lastKnownFileType = wrapper.framework; name = UIKit.framework; path = System/Library/Frameworks/UIKit.framework; sourceTree = SDKROOT; };
		1F8B5FE10F9F697E00FEB745 /* SecondLevelViewController.h */ = {isa = PBXFileReference; fileEncoding = 4; lastKnownFileType = sourcecode.c.h; path = SecondLevelViewController.h; sourceTree = "<group>"; };
		1F8B5FE20F9F697E00FEB745 /* SecondLevelViewController.m */ = {isa = PBXFileReference; fileEncoding = 4; lastKnownFileType = sourcecode.c.objc; path = SecondLevelViewController.m; sourceTree = "<group>"; };
		1F8B5FFD0F9F6CC200FEB745 /* FirstLevelViewController.h */ = {isa = PBXFileReference; fileEncoding = 4; lastKnownFileType = sourcecode.c.h; path = FirstLevelViewController.h; sourceTree = "<group>"; };
		1F8B5FFE0F9F6CC200FEB745 /* FirstLevelViewController.m */ = {isa = PBXFileReference; fileEncoding = 4; lastKnownFileType = sourcecode.c.objc; path = FirstLevelViewController.m; sourceTree = "<group>"; };
		1F8B60400F9F75E700FEB745 /* DisclosureDetail.xib */ = {isa = PBXFileReference; lastKnownFileType = file.xib; path = DisclosureDetail.xib; sourceTree = "<group>"; };
		288765FC0DF74451002DB57D /* CoreGraphics.framework */ = {isa = PBXFileReference; lastKnownFileType = wrapper.framework; name = CoreGraphics.framework; path = System/Library/Frameworks/CoreGraphics.framework; sourceTree = SDKROOT; };
		28AD733E0D9D9553002E5188 /* MainWindow.xib */ = {isa = PBXFileReference; lastKnownFileType = file.xib; path = MainWindow.xib; sourceTree = "<group>"; };
		29B97316FDCFA39411CA2CEA /* main.m */ = {isa = PBXFileReference; fileEncoding = 4; lastKnownFileType = sourcecode.c.objc; path = main.m; sourceTree = "<group>"; };
		32CA4F630368D1EE00C91783 /* Gas Guide_Prefix.pch */ = {isa = PBXFileReference; fileEncoding = 4; lastKnownFileType = sourcecode.c.h; path = "Gas Guide_Prefix.pch"; sourceTree = "<group>"; };
		8459B39D10BE12C300893F5B /* Image.png */ = {isa = PBXFileReference; lastKnownFileType = image.png; path = Image.png; sourceTree = "<group>"; };
		8459B39E10BE12C300893F5B /* ImageView.xib */ = {isa = PBXFileReference; lastKnownFileType = file.xib; path = ImageView.xib; sourceTree = "<group>"; };
		8459B3A110BE12CF00893F5B /* ImageViewController.h */ = {isa = PBXFileReference; fileEncoding = 4; lastKnownFileType = sourcecode.c.h; path = ImageViewController.h; sourceTree = "<group>"; };
		8459B3A210BE12CF00893F5B /* ImageViewController.m */ = {isa = PBXFileReference; fileEncoding = 4; lastKnownFileType = sourcecode.c.objc; path = ImageViewController.m; sourceTree = "<group>"; };
		84843DBB11534A82005A99C7 /* DisclosureButtonController01.h */ = {isa = PBXFileReference; fileEncoding = 4; lastKnownFileType = sourcecode.c.h; path = DisclosureButtonController01.h; sourceTree = "<group>"; };
		84843DBC11534A82005A99C7 /* DisclosureButtonController01.m */ = {isa = PBXFileReference; fileEncoding = 4; lastKnownFileType = sourcecode.c.objc; path = DisclosureButtonController01.m; sourceTree = "<group>"; };
		84843DBD11534A82005A99C7 /* DisclosureButtonController02.h */ = {isa = PBXFileReference; fileEncoding = 4; lastKnownFileType = sourcecode.c.h; path = DisclosureButtonController02.h; sourceTree = "<group>"; };
		84843DBE11534A82005A99C7 /* DisclosureButtonController02.m */ = {isa = PBXFileReference; fileEncoding = 4; lastKnownFileType = sourcecode.c.objc; path = DisclosureButtonController02.m; sourceTree = "<group>"; };
		84843DBF11534A82005A99C7 /* DisclosureButtonController03.h */ = {isa = PBXFileReference; fileEncoding = 4; lastKnownFileType = sourcecode.c.h; path = DisclosureButtonController03.h; sourceTree = "<group>"; };
		84843DC011534A82005A99C7 /* DisclosureButtonController03.m */ = {isa = PBXFileReference; fileEncoding = 4; lastKnownFileType = sourcecode.c.objc; path = DisclosureButtonController03.m; sourceTree = "<group>"; };
		84843DC111534A82005A99C7 /* DisclosureButtonController04.h */ = {isa = PBXFileReference; fileEncoding = 4; lastKnownFileType = sourcecode.c.h; path = DisclosureButtonController04.h; sourceTree = "<group>"; };
		84843DC211534A82005A99C7 /* DisclosureButtonController04.m */ = {isa = PBXFileReference; fileEncoding = 4; lastKnownFileType = sourcecode.c.objc; path = DisclosureButtonController04.m; sourceTree = "<group>"; };
		84843DC311534A82005A99C7 /* DisclosureButtonController05.h */ = {isa = PBXFileReference; fileEncoding = 4; lastKnownFileType = sourcecode.c.h; path = DisclosureButtonController05.h; sourceTree = "<group>"; };
		84843DC411534A82005A99C7 /* DisclosureButtonController05.m */ = {isa = PBXFileReference; fileEncoding = 4; lastKnownFileType = sourcecode.c.objc; path = DisclosureButtonController05.m; sourceTree = "<group>"; };
		84843DC511534A82005A99C7 /* DisclosureButtonController06.h */ = {isa = PBXFileReference; fileEncoding = 4; lastKnownFileType = sourcecode.c.h; path = DisclosureButtonController06.h; sourceTree = "<group>"; };
		84843DC611534A82005A99C7 /* DisclosureButtonController06.m */ = {isa = PBXFileReference; fileEncoding = 4; lastKnownFileType = sourcecode.c.objc; path = DisclosureButtonController06.m; sourceTree = "<group>"; };
		84843DC711534A82005A99C7 /* DisclosureButtonController07.h */ = {isa = PBXFileReference; fileEncoding = 4; lastKnownFileType = sourcecode.c.h; path = DisclosureButtonController07.h; sourceTree = "<group>"; };
		84843DC811534A82005A99C7 /* DisclosureButtonController07.m */ = {isa = PBXFileReference; fileEncoding = 4; lastKnownFileType = sourcecode.c.objc; path = DisclosureButtonController07.m; sourceTree = "<group>"; };
		84843DC911534A82005A99C7 /* DisclosureButtonController08.h */ = {isa = PBXFileReference; fileEncoding = 4; lastKnownFileType = sourcecode.c.h; path = DisclosureButtonController08.h; sourceTree = "<group>"; };
		84843DCA11534A82005A99C7 /* DisclosureButtonController08.m */ = {isa = PBXFileReference; fileEncoding = 4; lastKnownFileType = sourcecode.c.objc; path = DisclosureButtonController08.m; sourceTree = "<group>"; };
		84843DCB11534A82005A99C7 /* DisclosureButtonController09.h */ = {isa = PBXFileReference; fileEncoding = 4; lastKnownFileType = sourcecode.c.h; path = DisclosureButtonController09.h; sourceTree = "<group>"; };
		84843DCC11534A82005A99C7 /* DisclosureButtonController09.m */ = {isa = PBXFileReference; fileEncoding = 4; lastKnownFileType = sourcecode.c.objc; path = DisclosureButtonController09.m; sourceTree = "<group>"; };
		84843DCD11534A82005A99C7 /* DisclosureButtonController10.h */ = {isa = PBXFileReference; fileEncoding = 4; lastKnownFileType = sourcecode.c.h; path = DisclosureButtonController10.h; sourceTree = "<group>"; };
		84843DCE11534A82005A99C7 /* DisclosureButtonController10.m */ = {isa = PBXFileReference; fileEncoding = 4; lastKnownFileType = sourcecode.c.objc; path = DisclosureButtonController10.m; sourceTree = "<group>"; };
		849AACB810B8CB6200BD5FE5 /* icon.png */ = {isa = PBXFileReference; lastKnownFileType = image.png; path = icon.png; sourceTree = "<group>"; };
		84C227A310B8CE620091F891 /* Gas Guide.app */ = {isa = PBXFileReference; explicitFileType = wrapper.application; includeInIndex = 0; path = "Gas Guide.app"; sourceTree = BUILT_PRODUCTS_DIR; };
		84CE878810CB6D5A008985FC /* Default.png */ = {isa = PBXFileReference; lastKnownFileType = image.png; path = Default.png; sourceTree = "<group>"; };
		84DDFC33133EE67B00F9C9CA /* icon57.png */ = {isa = PBXFileReference; lastKnownFileType = image.png; path = icon57.png; sourceTree = "<group>"; };
		84DDFC34133EE67B00F9C9CA /* icon72.png */ = {isa = PBXFileReference; lastKnownFileType = image.png; path = icon72.png; sourceTree = "<group>"; };
		84DDFC35133EE67B00F9C9CA /* icon114.png */ = {isa = PBXFileReference; lastKnownFileType = image.png; path = icon114.png; sourceTree = "<group>"; };
		84DDFC36133EE67B00F9C9CA /* icon512.png */ = {isa = PBXFileReference; lastKnownFileType = image.png; path = icon512.png; sourceTree = "<group>"; };
		84F574CE10BA2732004C1C1D /* iTunesArtwork */ = {isa = PBXFileReference; lastKnownFileType = file; path = iTunesArtwork; sourceTree = "<group>"; };
		84F9473F11ED61D30015F435 /* DisclosureButtonController11.h */ = {isa = PBXFileReference; fileEncoding = 4; lastKnownFileType = sourcecode.c.h; path = DisclosureButtonController11.h; sourceTree = "<group>"; };
		84F9474011ED61D30015F435 /* DisclosureButtonController11.m */ = {isa = PBXFileReference; fileEncoding = 4; lastKnownFileType = sourcecode.c.objc; path = DisclosureButtonController11.m; sourceTree = "<group>"; };
		84FA867512F1091600003863 /* DisclosureButtonController12.h */ = {isa = PBXFileReference; fileEncoding = 4; lastKnownFileType = sourcecode.c.h; path = DisclosureButtonController12.h; sourceTree = "<group>"; };
		84FA867612F1091600003863 /* DisclosureButtonController12.m */ = {isa = PBXFileReference; fileEncoding = 4; lastKnownFileType = sourcecode.c.objc; path = DisclosureButtonController12.m; sourceTree = "<group>"; };
		84FAE62F10BDDB4A00E3A47F /* DisclosureDetailController.h */ = {isa = PBXFileReference; fileEncoding = 4; lastKnownFileType = sourcecode.c.h; path = DisclosureDetailController.h; sourceTree = "<group>"; };
		84FAE63010BDDB4A00E3A47F /* DisclosureDetailController.m */ = {isa = PBXFileReference; fileEncoding = 4; lastKnownFileType = sourcecode.c.objc; path = DisclosureDetailController.m; sourceTree = "<group>"; };
		8D1107310486CEB800E47090 /* Gas Guide-Info.plist */ = {isa = PBXFileReference; fileEncoding = 4; lastKnownFileType = text.plist.xml; path = "Gas Guide-Info.plist"; plistStructureDefinitionIdentifier = "com.apple.xcode.plist.structure-definition.iphone.info-plist"; sourceTree = "<group>"; };
/* End PBXFileReference section */

/* Begin PBXFrameworksBuildPhase section */
		1D60588F0D05DD3D006BFB54 /* Frameworks */ = {
			isa = PBXFrameworksBuildPhase;
			buildActionMask = 2147483647;
			files = (
				1D60589F0D05DD5A006BFB54 /* Foundation.framework in Frameworks */,
				1DF5F4E00D08C38300B7A737 /* UIKit.framework in Frameworks */,
				288765FD0DF74451002DB57D /* CoreGraphics.framework in Frameworks */,
			);
			runOnlyForDeploymentPostprocessing = 0;
		};
/* End PBXFrameworksBuildPhase section */

/* Begin PBXGroup section */
		080E96DDFE201D6D7F000001 /* Classes */ = {
			isa = PBXGroup;
			children = (
				84843DBB11534A82005A99C7 /* DisclosureButtonController01.h */,
				84843DBC11534A82005A99C7 /* DisclosureButtonController01.m */,
				84843DBD11534A82005A99C7 /* DisclosureButtonController02.h */,
				84843DBE11534A82005A99C7 /* DisclosureButtonController02.m */,
				84843DBF11534A82005A99C7 /* DisclosureButtonController03.h */,
				84843DC011534A82005A99C7 /* DisclosureButtonController03.m */,
				84843DC111534A82005A99C7 /* DisclosureButtonController04.h */,
				84843DC211534A82005A99C7 /* DisclosureButtonController04.m */,
				84843DC311534A82005A99C7 /* DisclosureButtonController05.h */,
				84843DC411534A82005A99C7 /* DisclosureButtonController05.m */,
				84843DC511534A82005A99C7 /* DisclosureButtonController06.h */,
				84843DC611534A82005A99C7 /* DisclosureButtonController06.m */,
				84843DC711534A82005A99C7 /* DisclosureButtonController07.h */,
				84843DC811534A82005A99C7 /* DisclosureButtonController07.m */,
				84843DC911534A82005A99C7 /* DisclosureButtonController08.h */,
				84843DCA11534A82005A99C7 /* DisclosureButtonController08.m */,
				84843DCB11534A82005A99C7 /* DisclosureButtonController09.h */,
				84843DCC11534A82005A99C7 /* DisclosureButtonController09.m */,
				84843DCD11534A82005A99C7 /* DisclosureButtonController10.h */,
				84843DCE11534A82005A99C7 /* DisclosureButtonController10.m */,
				84F9473F11ED61D30015F435 /* DisclosureButtonController11.h */,
				84F9474011ED61D30015F435 /* DisclosureButtonController11.m */,
				84FA867512F1091600003863 /* DisclosureButtonController12.h */,
				84FA867612F1091600003863 /* DisclosureButtonController12.m */,
				8459B3A110BE12CF00893F5B /* ImageViewController.h */,
				8459B3A210BE12CF00893F5B /* ImageViewController.m */,
				84FAE62F10BDDB4A00E3A47F /* DisclosureDetailController.h */,
				84FAE63010BDDB4A00E3A47F /* DisclosureDetailController.m */,
				1D3623240D0F684500981E51 /* NavAppDelegate.h */,
				1D3623250D0F684500981E51 /* NavAppDelegate.m */,
				1F8B5FFD0F9F6CC200FEB745 /* FirstLevelViewController.h */,
				1F8B5FFE0F9F6CC200FEB745 /* FirstLevelViewController.m */,
				1F8B5FE10F9F697E00FEB745 /* SecondLevelViewController.h */,
				1F8B5FE20F9F697E00FEB745 /* SecondLevelViewController.m */,
			);
			path = Classes;
			sourceTree = "<group>";
		};
		19C28FACFE9D520D11CA2CBB /* Products */ = {
			isa = PBXGroup;
			children = (
				84C227A310B8CE620091F891 /* Gas Guide.app */,
			);
			name = Products;
			sourceTree = "<group>";
		};
		29B97314FDCFA39411CA2CEA /* CustomTemplate */ = {
			isa = PBXGroup;
			children = (
				080E96DDFE201D6D7F000001 /* Classes */,
				29B97315FDCFA39411CA2CEA /* Other Sources */,
				29B97317FDCFA39411CA2CEA /* Resources */,
				29B97323FDCFA39411CA2CEA /* Frameworks */,
				19C28FACFE9D520D11CA2CBB /* Products */,
			);
			name = CustomTemplate;
			sourceTree = "<group>";
		};
		29B97315FDCFA39411CA2CEA /* Other Sources */ = {
			isa = PBXGroup;
			children = (
				32CA4F630368D1EE00C91783 /* Gas Guide_Prefix.pch */,
				29B97316FDCFA39411CA2CEA /* main.m */,
			);
			name = "Other Sources";
			sourceTree = "<group>";
		};
		29B97317FDCFA39411CA2CEA /* Resources */ = {
			isa = PBXGroup;
			children = (
				84CE878810CB6D5A008985FC /* Default.png */,
				8459B39D10BE12C300893F5B /* Image.png */,
				8459B39E10BE12C300893F5B /* ImageView.xib */,
				84F574CE10BA2732004C1C1D /* iTunesArtwork */,
				849AACB810B8CB6200BD5FE5 /* icon.png */,
				84DDFC33133EE67B00F9C9CA /* icon57.png */,
				84DDFC34133EE67B00F9C9CA /* icon72.png */,
				84DDFC35133EE67B00F9C9CA /* icon114.png */,
				84DDFC36133EE67B00F9C9CA /* icon512.png */,
				28AD733E0D9D9553002E5188 /* MainWindow.xib */,
				8D1107310486CEB800E47090 /* Gas Guide-Info.plist */,
				1F8B60400F9F75E700FEB745 /* DisclosureDetail.xib */,
			);
			name = Resources;
			sourceTree = "<group>";
		};
		29B97323FDCFA39411CA2CEA /* Frameworks */ = {
			isa = PBXGroup;
			children = (
				1DF5F4DF0D08C38300B7A737 /* UIKit.framework */,
				1D30AB110D05D00D00671497 /* Foundation.framework */,
				288765FC0DF74451002DB57D /* CoreGraphics.framework */,
			);
			name = Frameworks;
			sourceTree = "<group>";
		};
/* End PBXGroup section */

/* Begin PBXNativeTarget section */
		1D6058900D05DD3D006BFB54 /* Gas Guide */ = {
			isa = PBXNativeTarget;
			buildConfigurationList = 1D6058960D05DD3E006BFB54 /* Build configuration list for PBXNativeTarget "Gas Guide" */;
			buildPhases = (
				1D60588D0D05DD3D006BFB54 /* Resources */,
				1D60588E0D05DD3D006BFB54 /* Sources */,
				1D60588F0D05DD3D006BFB54 /* Frameworks */,
			);
			buildRules = (
			);
			dependencies = (
			);
			name = "Gas Guide";
			productName = Nav;
			productReference = 84C227A310B8CE620091F891 /* Gas Guide.app */;
			productType = "com.apple.product-type.application";
		};
/* End PBXNativeTarget section */

/* Begin PBXProject section */
		29B97313FDCFA39411CA2CEA /* Project object */ = {
			isa = PBXProject;
			attributes = {
				ORGANIZATIONNAME = "James Lamberg";
			};
			buildConfigurationList = C01FCF4E08A954540054247B /* Build configuration list for PBXProject "Gas Guide" */;
			compatibilityVersion = "Xcode 3.2";
			developmentRegion = English;
			hasScannedForEncodings = 1;
			knownRegions = (
				English,
				Japanese,
				French,
				German,
			);
			mainGroup = 29B97314FDCFA39411CA2CEA /* CustomTemplate */;
			projectDirPath = "";
			projectRoot = "";
			targets = (
				1D6058900D05DD3D006BFB54 /* Gas Guide */,
			);
		};
/* End PBXProject section */

/* Begin PBXResourcesBuildPhase section */
		1D60588D0D05DD3D006BFB54 /* Resources */ = {
			isa = PBXResourcesBuildPhase;
			buildActionMask = 2147483647;
			files = (
				28AD733F0D9D9553002E5188 /* MainWindow.xib in Resources */,
				1F8B5FE30F9F697E00FEB745 /* SecondLevelViewController.m in Resources */,
				1F8B60410F9F75E700FEB745 /* DisclosureDetail.xib in Resources */,
				849AACB910B8CB6200BD5FE5 /* icon.png in Resources */,
				84F574CF10BA2732004C1C1D /* iTunesArtwork in Resources */,
				8459B39F10BE12C300893F5B /* Image.png in Resources */,
				8459B3A010BE12C300893F5B /* ImageView.xib in Resources */,
				84CE878910CB6D5A008985FC /* Default.png in Resources */,
				84DDFC37133EE67B00F9C9CA /* icon57.png in Resources */,
				84DDFC38133EE67B00F9C9CA /* icon72.png in Resources */,
				84DDFC39133EE67B00F9C9CA /* icon114.png in Resources */,
				84DDFC3A133EE67B00F9C9CA /* icon512.png in Resources */,
			);
			runOnlyForDeploymentPostprocessing = 0;
		};
/* End PBXResourcesBuildPhase section */

/* Begin PBXSourcesBuildPhase section */
		1D60588E0D05DD3D006BFB54 /* Sources */ = {
			isa = PBXSourcesBuildPhase;
			buildActionMask = 2147483647;
			files = (
				1D60589B0D05DD56006BFB54 /* main.m in Sources */,
				1D3623260D0F684500981E51 /* NavAppDelegate.m in Sources */,
				1F8B5FFF0F9F6CC200FEB745 /* FirstLevelViewController.m in Sources */,
				1F8B607B0F9F7E5400FEB745 /* SecondLevelViewController.m in Sources */,
				84FAE63110BDDB4A00E3A47F /* DisclosureDetailController.m in Sources */,
				8459B3A310BE12CF00893F5B /* ImageViewController.m in Sources */,
				84843DCF11534A82005A99C7 /* DisclosureButtonController01.m in Sources */,
				84843DD011534A82005A99C7 /* DisclosureButtonController02.m in Sources */,
				84843DD111534A82005A99C7 /* DisclosureButtonController03.m in Sources */,
				84843DD211534A82005A99C7 /* DisclosureButtonController04.m in Sources */,
				84843DD311534A82005A99C7 /* DisclosureButtonController05.m in Sources */,
				84843DD411534A82005A99C7 /* DisclosureButtonController06.m in Sources */,
				84843DD511534A82005A99C7 /* DisclosureButtonController07.m in Sources */,
				84843DD611534A82005A99C7 /* DisclosureButtonController08.m in Sources */,
				84843DD711534A82005A99C7 /* DisclosureButtonController09.m in Sources */,
				84843DD811534A82005A99C7 /* DisclosureButtonController10.m in Sources */,
				84F9474111ED61D30015F435 /* DisclosureButtonController11.m in Sources */,
				84FA867712F1091600003863 /* DisclosureButtonController12.m in Sources */,
			);
			runOnlyForDeploymentPostprocessing = 0;
		};
/* End PBXSourcesBuildPhase section */

/* Begin XCBuildConfiguration section */
		1D6058940D05DD3E006BFB54 /* Debug */ = {
			isa = XCBuildConfiguration;
			buildSettings = {
				ALWAYS_SEARCH_USER_PATHS = NO;
				COPY_PHASE_STRIP = NO;
				GCC_DYNAMIC_NO_PIC = NO;
				GCC_OPTIMIZATION_LEVEL = 0;
				GCC_PRECOMPILE_PREFIX_HEADER = YES;
				GCC_PREFIX_HEADER = "Gas Guide_Prefix.pch";
				INFOPLIST_FILE = "Gas Guide-Info.plist";
				IPHONEOS_DEPLOYMENT_TARGET = 3.0;
				PRODUCT_NAME = "Gas Guide";
			};
			name = Debug;
		};
		1D6058950D05DD3E006BFB54 /* Release */ = {
			isa = XCBuildConfiguration;
			buildSettings = {
				ALWAYS_SEARCH_USER_PATHS = NO;
				COPY_PHASE_STRIP = YES;
				GCC_PRECOMPILE_PREFIX_HEADER = YES;
				GCC_PREFIX_HEADER = "Gas Guide_Prefix.pch";
				INFOPLIST_FILE = "Gas Guide-Info.plist";
				IPHONEOS_DEPLOYMENT_TARGET = 3.0;
				PRODUCT_NAME = "Gas Guide";
			};
			name = Release;
		};
		84E5AA9210C2621600E5BFFD /* iphoneDistribution */ = {
			isa = XCBuildConfiguration;
			buildSettings = {
				ARCHS = "$(ARCHS_STANDARD_32_BIT)";
				CODE_SIGN_IDENTITY = "iPhone Distribution: James Lamberg";
				"CODE_SIGN_IDENTITY[sdk=iphoneos*]" = "iPhone Distribution: James Lamberg";
				GCC_C_LANGUAGE_STANDARD = c99;
				GCC_WARN_ABOUT_RETURN_TYPE = YES;
				GCC_WARN_UNUSED_VARIABLE = YES;
				IPHONEOS_DEPLOYMENT_TARGET = 3.0;
				PREBINDING = NO;
				PROVISIONING_PROFILE = "9143F50C-E037-467E-901E-6FB0CFE54A72";
				"PROVISIONING_PROFILE[sdk=iphoneos*]" = "9143F50C-E037-467E-901E-6FB0CFE54A72";
				SDKROOT = iphoneos;
			};
			name = iphoneDistribution;
		};
		84E5AA9310C2621600E5BFFD /* iphoneDistribution */ = {
			isa = XCBuildConfiguration;
			buildSettings = {
				ALWAYS_SEARCH_USER_PATHS = NO;
				COPY_PHASE_STRIP = YES;
				GCC_PRECOMPILE_PREFIX_HEADER = YES;
				GCC_PREFIX_HEADER = "Gas Guide_Prefix.pch";
				INFOPLIST_FILE = "Gas Guide-Info.plist";
				IPHONEOS_DEPLOYMENT_TARGET = 3.0;
				PRODUCT_NAME = "Gas Guide";
			};
			name = iphoneDistribution;
		};
		C01FCF4F08A954540054247B /* Debug */ = {
			isa = XCBuildConfiguration;
			buildSettings = {
				ARCHS = "$(ARCHS_STANDARD_32_BIT)";
				CODE_SIGN_IDENTITY = "iPhone Developer: James Lamberg (R9SUW7GRS8)";
				"CODE_SIGN_IDENTITY[sdk=iphoneos*]" = "iPhone Developer: James Lamberg (R9SUW7GRS8)";
				GCC_C_LANGUAGE_STANDARD = c99;
				GCC_WARN_ABOUT_RETURN_TYPE = YES;
				GCC_WARN_UNUSED_VARIABLE = YES;
				IPHONEOS_DEPLOYMENT_TARGET = 3.0;
				ONLY_ACTIVE_ARCH = YES;
				PREBINDING = NO;
				SDKROOT = iphoneos;
			};
			name = Debug;
		};
		C01FCF5008A954540054247B /* Release */ = {
			isa = XCBuildConfiguration;
			buildSettings = {
				ARCHS = "$(ARCHS_STANDARD_32_BIT)";
				CODE_SIGN_IDENTITY = "iPhone Distribution: James Lamberg";
				"CODE_SIGN_IDENTITY[sdk=iphoneos*]" = "iPhone Distribution: James Lamberg";
				GCC_C_LANGUAGE_STANDARD = c99;
				GCC_WARN_ABOUT_RETURN_TYPE = YES;
				GCC_WARN_UNUSED_VARIABLE = YES;
				PREBINDING = NO;
				PROVISIONING_PROFILE = "9143F50C-E037-467E-901E-6FB0CFE54A72";
				"PROVISIONING_PROFILE[sdk=iphoneos*]" = "9143F50C-E037-467E-901E-6FB0CFE54A72";
				SDKROOT = iphoneos;
			};
			name = Release;
		};
/* End XCBuildConfiguration section */

/* Begin XCConfigurationList section */
		1D6058960D05DD3E006BFB54 /* Build configuration list for PBXNativeTarget "Gas Guide" */ = {
			isa = XCConfigurationList;
			buildConfigurations = (
				1D6058940D05DD3E006BFB54 /* Debug */,
				1D6058950D05DD3E006BFB54 /* Release */,
				84E5AA9310C2621600E5BFFD /* iphoneDistribution */,
			);
			defaultConfigurationIsVisible = 0;
			defaultConfigurationName = Release;
		};
		C01FCF4E08A954540054247B /* Build configuration list for PBXProject "Gas Guide" */ = {
			isa = XCConfigurationList;
			buildConfigurations = (
				C01FCF4F08A954540054247B /* Debug */,
				C01FCF5008A954540054247B /* Release */,
				84E5AA9210C2621600E5BFFD /* iphoneDistribution */,
			);
			defaultConfigurationIsVisible = 0;
			defaultConfigurationName = Release;
		};
/* End XCConfigurationList section */
	};
	rootObject = 29B97313FDCFA39411CA2CEA /* Project object */;
}
